// !$*UTF8*$!
{
	archiveVersion = 1;
	classes = {
	};
	objectVersion = 46;
	objects = {

/* Begin PBXBuildFile section */
		2A36C1081EEDA575006D572B /* AppDelegate.swift in Sources */ = {isa = PBXBuildFile; fileRef = 2A36C1071EEDA575006D572B /* AppDelegate.swift */; };
		2A36C10A1EEDA575006D572B /* ViewController.swift in Sources */ = {isa = PBXBuildFile; fileRef = 2A36C1091EEDA575006D572B /* ViewController.swift */; };
		2A36C10D1EEDA575006D572B /* Main.storyboard in Resources */ = {isa = PBXBuildFile; fileRef = 2A36C10B1EEDA575006D572B /* Main.storyboard */; };
		2A36C10F1EEDA575006D572B /* Assets.xcassets in Resources */ = {isa = PBXBuildFile; fileRef = 2A36C10E1EEDA575006D572B /* Assets.xcassets */; };
		2A36C1121EEDA575006D572B /* LaunchScreen.storyboard in Resources */ = {isa = PBXBuildFile; fileRef = 2A36C1101EEDA575006D572B /* LaunchScreen.storyboard */; };
		2A36C11D1EEDA575006D572B /* TipCalTests.swift in Sources */ = {isa = PBXBuildFile; fileRef = 2A36C11C1EEDA575006D572B /* TipCalTests.swift */; };
/* End PBXBuildFile section */

/* Begin PBXContainerItemProxy section */
		2A36C1191EEDA575006D572B /* PBXContainerItemProxy */ = {
			isa = PBXContainerItemProxy;
			containerPortal = 2A36C0FC1EEDA575006D572B /* Project object */;
			proxyType = 1;
			remoteGlobalIDString = 2A36C1031EEDA575006D572B;
			remoteInfo = TipCal;
		};
/* End PBXContainerItemProxy section */

/* Begin PBXFileReference section */
		2A36C1041EEDA575006D572B /* TipCal.app */ = {isa = PBXFileReference; explicitFileType = wrapper.application; includeInIndex = 0; path = TipCal.app; sourceTree = BUILT_PRODUCTS_DIR; };
		2A36C1071EEDA575006D572B /* AppDelegate.swift */ = {isa = PBXFileReference; lastKnownFileType = sourcecode.swift; path = AppDelegate.swift; sourceTree = "<group>"; };
		2A36C1091EEDA575006D572B /* ViewController.swift */ = {isa = PBXFileReference; lastKnownFileType = sourcecode.swift; path = ViewController.swift; sourceTree = "<group>"; };
		2A36C10C1EEDA575006D572B /* Base */ = {isa = PBXFileReference; lastKnownFileType = file.storyboard; name = Base; path = Base.lproj/Main.storyboard; sourceTree = "<group>"; };
		2A36C10E1EEDA575006D572B /* Assets.xcassets */ = {isa = PBXFileReference; lastKnownFileType = folder.assetcatalog; path = Assets.xcassets; sourceTree = "<group>"; };
		2A36C1111EEDA575006D572B /* Base */ = {isa = PBXFileReference; lastKnownFileType = file.storyboard; name = Base; path = Base.lproj/LaunchScreen.storyboard; sourceTree = "<group>"; };
		2A36C1131EEDA575006D572B /* Info.plist */ = {isa = PBXFileReference; lastKnownFileType = text.plist.xml; path = Info.plist; sourceTree = "<group>"; };
		2A36C1181EEDA575006D572B /* TipCalTests.xctest */ = {isa = PBXFileReference; explicitFileType = wrapper.cfbundle; includeInIndex = 0; path = TipCalTests.xctest; sourceTree = BUILT_PRODUCTS_DIR; };
		2A36C11C1EEDA575006D572B /* TipCalTests.swift */ = {isa = PBXFileReference; lastKnownFileType = sourcecode.swift; path = TipCalTests.swift; sourceTree = "<group>"; };
		2A36C11E1EEDA575006D572B /* Info.plist */ = {isa = PBXFileReference; lastKnownFileType = text.plist.xml; path = Info.plist; sourceTree = "<group>"; };
/* End PBXFileReference section */

/* Begin PBXFrameworksBuildPhase section */
		2A36C1011EEDA575006D572B /* Frameworks */ = {
			isa = PBXFrameworksBuildPhase;
			buildActionMask = 2147483647;
			files = (
			);
			runOnlyForDeploymentPostprocessing = 0;
		};
		2A36C1151EEDA575006D572B /* Frameworks */ = {
			isa = PBXFrameworksBuildPhase;
			buildActionMask = 2147483647;
			files = (
			);
			runOnlyForDeploymentPostprocessing = 0;
		};
/* End PBXFrameworksBuildPhase section */

/* Begin PBXGroup section */
		2A36C0FB1EEDA575006D572B = {
			isa = PBXGroup;
			children = (
				2A36C1061EEDA575006D572B /* TipCal */,
				2A36C11B1EEDA575006D572B /* TipCalTests */,
				2A36C1051EEDA575006D572B /* Products */,
			);
			sourceTree = "<group>";
		};
		2A36C1051EEDA575006D572B /* Products */ = {
			isa = PBXGroup;
			children = (
				2A36C1041EEDA575006D572B /* TipCal.app */,
				2A36C1181EEDA575006D572B /* TipCalTests.xctest */,
			);
			name = Products;
			sourceTree = "<group>";
		};
		2A36C1061EEDA575006D572B /* TipCal */ = {
			isa = PBXGroup;
			children = (
				2A36C1071EEDA575006D572B /* AppDelegate.swift */,
				2A36C1091EEDA575006D572B /* ViewController.swift */,
				2A36C10B1EEDA575006D572B /* Main.storyboard */,
				2A36C10E1EEDA575006D572B /* Assets.xcassets */,
				2A36C1101EEDA575006D572B /* LaunchScreen.storyboard */,
				2A36C1131EEDA575006D572B /* Info.plist */,
			);
			path = TipCal;
			sourceTree = "<group>";
		};
		2A36C11B1EEDA575006D572B /* TipCalTests */ = {
			isa = PBXGroup;
			children = (
				2A36C11C1EEDA575006D572B /* TipCalTests.swift */,
				2A36C11E1EEDA575006D572B /* Info.plist */,
			);
			path = TipCalTests;
			sourceTree = "<group>";
		};
/* End PBXGroup section */

/* Begin PBXNativeTarget section */
		2A36C1031EEDA575006D572B /* TipCal */ = {
			isa = PBXNativeTarget;
			buildConfigurationList = 2A36C1211EEDA575006D572B /* Build configuration list for PBXNativeTarget "TipCal" */;
			buildPhases = (
				2A36C1001EEDA575006D572B /* Sources */,
				2A36C1011EEDA575006D572B /* Frameworks */,
				2A36C1021EEDA575006D572B /* Resources */,
			);
			buildRules = (
			);
			dependencies = (
			);
			name = TipCal;
			productName = TipCal;
			productReference = 2A36C1041EEDA575006D572B /* TipCal.app */;
			productType = "com.apple.product-type.application";
		};
		2A36C1171EEDA575006D572B /* TipCalTests */ = {
			isa = PBXNativeTarget;
			buildConfigurationList = 2A36C1241EEDA575006D572B /* Build configuration list for PBXNativeTarget "TipCalTests" */;
			buildPhases = (
				2A36C1141EEDA575006D572B /* Sources */,
				2A36C1151EEDA575006D572B /* Frameworks */,
				2A36C1161EEDA575006D572B /* Resources */,
			);
			buildRules = (
			);
			dependencies = (
				2A36C11A1EEDA575006D572B /* PBXTargetDependency */,
			);
			name = TipCalTests;
			productName = TipCalTests;
			productReference = 2A36C1181EEDA575006D572B /* TipCalTests.xctest */;
			productType = "com.apple.product-type.bundle.unit-test";
		};
/* End PBXNativeTarget section */

/* Begin PBXProject section */
		2A36C0FC1EEDA575006D572B /* Project object */ = {
			isa = PBXProject;
			attributes = {
				LastSwiftUpdateCheck = 0830;
				LastUpgradeCheck = 0830;
				ORGANIZATIONNAME = "ravi subedi";
				TargetAttributes = {
					2A36C1031EEDA575006D572B = {
						CreatedOnToolsVersion = 8.3.2;
						DevelopmentTeam = 9FAYL54HNG;
						ProvisioningStyle = Automatic;
					};
					2A36C1171EEDA575006D572B = {
						CreatedOnToolsVersion = 8.3.2;
						DevelopmentTeam = 9FAYL54HNG;
						ProvisioningStyle = Automatic;
						TestTargetID = 2A36C1031EEDA575006D572B;
					};
				};
			};
			buildConfigurationList = 2A36C0FF1EEDA575006D572B /* Build configuration list for PBXProject "TipCal" */;
			compatibilityVersion = "Xcode 3.2";
			developmentRegion = English;
			hasScannedForEncodings = 0;
			knownRegions = (
				en,
				Base,
			);
			mainGroup = 2A36C0FB1EEDA575006D572B;
			productRefGroup = 2A36C1051EEDA575006D572B /* Products */;
			projectDirPath = "";
			projectRoot = "";
			targets = (
				2A36C1031EEDA575006D572B /* TipCal */,
				2A36C1171EEDA575006D572B /* TipCalTests */,
			);
		};
/* End PBXProject section */

/* Begin PBXResourcesBuildPhase section */
		2A36C1021EEDA575006D572B /* Resources */ = {
			isa = PBXResourcesBuildPhase;
			buildActionMask = 2147483647;
			files = (
				2A36C1121EEDA575006D572B /* LaunchScreen.storyboard in Resources */,
				2A36C10F1EEDA575006D572B /* Assets.xcassets in Resources */,
				2A36C10D1EEDA575006D572B /* Main.storyboard in Resources */,
			);
			runOnlyForDeploymentPostprocessing = 0;
		};
		2A36C1161EEDA575006D572B /* Resources */ = {
			isa = PBXResourcesBuildPhase;
			buildActionMask = 2147483647;
			files = (
			);
			runOnlyForDeploymentPostprocessing = 0;
		};
/* End PBXResourcesBuildPhase section */

/* Begin PBXSourcesBuildPhase section */
		2A36C1001EEDA575006D572B /* Sources */ = {
			isa = PBXSourcesBuildPhase;
			buildActionMask = 2147483647;
			files = (
				2A36C10A1EEDA575006D572B /* ViewController.swift in Sources */,
				2A36C1081EEDA575006D572B /* AppDelegate.swift in Sources */,
			);
			runOnlyForDeploymentPostprocessing = 0;
		};
		2A36C1141EEDA575006D572B /* Sources */ = {
			isa = PBXSourcesBuildPhase;
			buildActionMask = 2147483647;
			files = (
				2A36C11D1EEDA575006D572B /* TipCalTests.swift in Sources */,
			);
			runOnlyForDeploymentPostprocessing = 0;
		};
/* End PBXSourcesBuildPhase section */

/* Begin PBXTargetDependency section */
		2A36C11A1EEDA575006D572B /* PBXTargetDependency */ = {
			isa = PBXTargetDependency;
			target = 2A36C1031EEDA575006D572B /* TipCal */;
			targetProxy = 2A36C1191EEDA575006D572B /* PBXContainerItemProxy */;
		};
/* End PBXTargetDependency section */

/* Begin PBXVariantGroup section */
		2A36C10B1EEDA575006D572B /* Main.storyboard */ = {
			isa = PBXVariantGroup;
			children = (
				2A36C10C1EEDA575006D572B /* Base */,
			);
			name = Main.storyboard;
			sourceTree = "<group>";
		};
		2A36C1101EEDA575006D572B /* LaunchScreen.storyboard */ = {
			isa = PBXVariantGroup;
			children = (
				2A36C1111EEDA575006D572B /* Base */,
			);
			name = LaunchScreen.storyboard;
			sourceTree = "<group>";
		};
/* End PBXVariantGroup section */

/* Begin XCBuildConfiguration section */
		2A36C11F1EEDA575006D572B /* Debug */ = {
			isa = XCBuildConfiguration;
			buildSettings = {
				ALWAYS_SEARCH_USER_PATHS = NO;
				CLANG_ANALYZER_NONNULL = YES;
				CLANG_ANALYZER_NUMBER_OBJECT_CONVERSION = YES_AGGRESSIVE;
				CLANG_CXX_LANGUAGE_STANDARD = "gnu++0x";
				CLANG_CXX_LIBRARY = "libc++";
				CLANG_ENABLE_MODULES = YES;
				CLANG_ENABLE_OBJC_ARC = YES;
				CLANG_WARN_BOOL_CONVERSION = YES;
				CLANG_WARN_CONSTANT_CONVERSION = YES;
				CLANG_WARN_DIRECT_OBJC_ISA_USAGE = YES_ERROR;
				CLANG_WARN_DOCUMENTATION_COMMENTS = YES;
				CLANG_WARN_EMPTY_BODY = YES;
				CLANG_WARN_ENUM_CONVERSION = YES;
				CLANG_WARN_INFINITE_RECURSION = YES;
				CLANG_WARN_INT_CONVERSION = YES;
				CLANG_WARN_OBJC_ROOT_CLASS = YES_ERROR;
				CLANG_WARN_SUSPICIOUS_MOVE = YES;
				CLANG_WARN_UNREACHABLE_CODE = YES;
				CLANG_WARN__DUPLICATE_METHOD_MATCH = YES;
				"CODE_SIGN_IDENTITY[sdk=iphoneos*]" = "iPhone Developer";
				COPY_PHASE_STRIP = NO;
				DEBUG_INFORMATION_FORMAT = dwarf;
				ENABLE_STRICT_OBJC_MSGSEND = YES;
				ENABLE_TESTABILITY = YES;
				GCC_C_LANGUAGE_STANDARD = gnu99;
				GCC_DYNAMIC_NO_PIC = NO;
				GCC_NO_COMMON_BLOCKS = YES;
				GCC_OPTIMIZATION_LEVEL = 0;
				GCC_PREPROCESSOR_DEFINITIONS = (
					"DEBUG=1",
					"$(inherited)",
				);
				GCC_WARN_64_TO_32_BIT_CONVERSION = YES;
				GCC_WARN_ABOUT_RETURN_TYPE = YES_ERROR;
				GCC_WARN_UNDECLARED_SELECTOR = YES;
				GCC_WARN_UNINITIALIZED_AUTOS = YES_AGGRESSIVE;
				GCC_WARN_UNUSED_FUNCTION = YES;
				GCC_WARN_UNUSED_VARIABLE = YES;
				IPHONEOS_DEPLOYMENT_TARGET = 10.3;
				MTL_ENABLE_DEBUG_INFO = YES;
				ONLY_ACTIVE_ARCH = YES;
				SDKROOT = iphoneos;
				SWIFT_ACTIVE_COMPILATION_CONDITIONS = DEBUG;
				SWIFT_OPTIMIZATION_LEVEL = "-Onone";
				TARGETED_DEVICE_FAMILY = "1,2";
			};
			name = Debug;
		};
		2A36C1201EEDA575006D572B /* Release */ = {
			isa = XCBuildConfiguration;
			buildSettings = {
				ALWAYS_SEARCH_USER_PATHS = NO;
				CLANG_ANALYZER_NONNULL = YES;
				CLANG_ANALYZER_NUMBER_OBJECT_CONVERSION = YES_AGGRESSIVE;
				CLANG_CXX_LANGUAGE_STANDARD = "gnu++0x";
				CLANG_CXX_LIBRARY = "libc++";
				CLANG_ENABLE_MODULES = YES;
				CLANG_ENABLE_OBJC_ARC = YES;
				CLANG_WARN_BOOL_CONVERSION = YES;
				CLANG_WARN_CONSTANT_CONVERSION = YES;
				CLANG_WARN_DIRECT_OBJC_ISA_USAGE = YES_ERROR;
				CLANG_WARN_DOCUMENTATION_COMMENTS = YES;
				CLANG_WARN_EMPTY_BODY = YES;
				CLANG_WARN_ENUM_CONVERSION = YES;
				CLANG_WARN_INFINITE_RECURSION = YES;
				CLANG_WARN_INT_CONVERSION = YES;
				CLANG_WARN_OBJC_ROOT_CLASS = YES_ERROR;
				CLANG_WARN_SUSPICIOUS_MOVE = YES;
				CLANG_WARN_UNREACHABLE_CODE = YES;
				CLANG_WARN__DUPLICATE_METHOD_MATCH = YES;
				"CODE_SIGN_IDENTITY[sdk=iphoneos*]" = "iPhone Developer";
				COPY_PHASE_STRIP = NO;
				DEBUG_INFORMATION_FORMAT = "dwarf-with-dsym";
				ENABLE_NS_ASSERTIONS = NO;
				ENABLE_STRICT_OBJC_MSGSEND = YES;
				GCC_C_LANGUAGE_STANDARD = gnu99;
				GCC_NO_COMMON_BLOCKS = YES;
				GCC_WARN_64_TO_32_BIT_CONVERSION = YES;
				GCC_WARN_ABOUT_RETURN_TYPE = YES_ERROR;
				GCC_WARN_UNDECLARED_SELECTOR = YES;
				GCC_WARN_UNINITIALIZED_AUTOS = YES_AGGRESSIVE;
				GCC_WARN_UNUSED_FUNCTION = YES;
				GCC_WARN_UNUSED_VARIABLE = YES;
				IPHONEOS_DEPLOYMENT_TARGET = 10.3;
				MTL_ENABLE_DEBUG_INFO = NO;
				SDKROOT = iphoneos;
				SWIFT_OPTIMIZATION_LEVEL = "-Owholemodule";
				TARGETED_DEVICE_FAMILY = "1,2";
				VALIDATE_PRODUCT = YES;
			};
			name = Release;
		};
		2A36C1221EEDA575006D572B /* Debug */ = {
			isa = XCBuildConfiguration;
			buildSettings = {
				ASSETCATALOG_COMPILER_APPICON_NAME = AppIcon;
				DEVELOPMENT_TEAM = 9FAYL54HNG;
				INFOPLIST_FILE = TipCal/Info.plist;
				LD_RUNPATH_SEARCH_PATHS = "$(inherited) @executable_path/Frameworks";
				PRODUCT_BUNDLE_IDENTIFIER = com.ravisubedi.TipCal;
				PRODUCT_NAME = "$(TARGET_NAME)";
				SWIFT_VERSION = 3.0;
			};
			name = Debug;
		};
		2A36C1231EEDA575006D572B /* Release */ = {
			isa = XCBuildConfiguration;
			buildSettings = {
				ASSETCATALOG_COMPILER_APPICON_NAME = AppIcon;
				DEVELOPMENT_TEAM = 9FAYL54HNG;
				INFOPLIST_FILE = TipCal/Info.plist;
				LD_RUNPATH_SEARCH_PATHS = "$(inherited) @executable_path/Frameworks";
				PRODUCT_BUNDLE_IDENTIFIER = com.ravisubedi.TipCal;
				PRODUCT_NAME = "$(TARGET_NAME)";
				SWIFT_VERSION = 3.0;
			};
			name = Release;
		};
		2A36C1251EEDA575006D572B /* Debug */ = {
			isa = XCBuildConfiguration;
			buildSettings = {
				ALWAYS_EMBED_SWIFT_STANDARD_LIBRARIES = YES;
				BUNDLE_LOADER = "$(TEST_HOST)";
				DEVELOPMENT_TEAM = 9FAYL54HNG;
				INFOPLIST_FILE = TipCalTests/Info.plist;
				LD_RUNPATH_SEARCH_PATHS = "$(inherited) @executable_path/Frameworks @loader_path/Frameworks";
				PRODUCT_BUNDLE_IDENTIFIER = com.ravisubedi.TipCalTests;
				PRODUCT_NAME = "$(TARGET_NAME)";
				SWIFT_VERSION = 3.0;
				TEST_HOST = "$(BUILT_PRODUCTS_DIR)/TipCal.app/TipCal";
			};
			name = Debug;
		};
		2A36C1261EEDA575006D572B /* Release */ = {
			isa = XCBuildConfiguration;
			buildSettings = {
				ALWAYS_EMBED_SWIFT_STANDARD_LIBRARIES = YES;
				BUNDLE_LOADER = "$(TEST_HOST)";
				DEVELOPMENT_TEAM = 9FAYL54HNG;
				INFOPLIST_FILE = TipCalTests/Info.plist;
				LD_RUNPATH_SEARCH_PATHS = "$(inherited) @executable_path/Frameworks @loader_path/Frameworks";
				PRODUCT_BUNDLE_IDENTIFIER = com.ravisubedi.TipCalTests;
				PRODUCT_NAME = "$(TARGET_NAME)";
				SWIFT_VERSION = 3.0;
				TEST_HOST = "$(BUILT_PRODUCTS_DIR)/TipCal.app/TipCal";
			};
			name = Release;
		};
/* End XCBuildConfiguration section */

/* Begin XCConfigurationList section */
		2A36C0FF1EEDA575006D572B /* Build configuration list for PBXProject "TipCal" */ = {
			isa = XCConfigurationList;
			buildConfigurations = (
				2A36C11F1EEDA575006D572B /* Debug */,
				2A36C1201EEDA575006D572B /* Release */,
			);
			defaultConfigurationIsVisible = 0;
			defaultConfigurationName = Release;
		};
		2A36C1211EEDA575006D572B /* Build configuration list for PBXNativeTarget "TipCal" */ = {
			isa = XCConfigurationList;
			buildConfigurations = (
				2A36C1221EEDA575006D572B /* Debug */,
				2A36C1231EEDA575006D572B /* Release */,
			);
			defaultConfigurationIsVisible = 0;
		};
		2A36C1241EEDA575006D572B /* Build configuration list for PBXNativeTarget "TipCalTests" */ = {
			isa = XCConfigurationList;
			buildConfigurations = (
				2A36C1251EEDA575006D572B /* Debug */,
				2A36C1261EEDA575006D572B /* Release */,
			);
			defaultConfigurationIsVisible = 0;
		};
/* End XCConfigurationList section */
	};
	rootObject = 2A36C0FC1EEDA575006D572B /* Project object */;
}
